<?xml version="1.0" encoding="UTF-8" standalone="yes" ?>
<CodeBlocks_project_file>
	<FileVersion major="1" minor="6" />
	<Project>
		<Option title="Asteroids" />
		<Option pch_mode="2" />
		<Option compiler="gcc" />
		<Build>
			<Target title="Debug">
				<Option output="Bin/Debug/Asteroids" prefix_auto="1" extension_auto="1" />
				<Option working_dir="Bin/Debug" />
				<Option object_output="Temp/Debug/" />
				<Option type="1" />
				<Option compiler="gcc" />
				<Compiler>
					<Add option="-g" />
					<Add directory="./Source" />
					<Add directory="../SFML/include" />
				</Compiler>
				<Linker>
					<Add library="../SFML/lib/libsfml-audio-d.so" />
					<Add library="../SFML/lib/libsfml-graphics-d.so" />
					<Add library="../SFML/lib/libsfml-network-d.so" />
					<Add library="../SFML/lib/libsfml-system-d.so" />
					<Add library="../SFML/lib/libsfml-window-d.so" />
					<Add directory="../SFML/lib" />
				</Linker>
				<ExtraCommands>
					<Add after="mkdir -p  $(PROJECT_DIR)$(TARGET_OUTPUT_DIR)Resources" />
					<Add after="cp -u $(PROJECT_DIR)Source/Images/*.*  $(PROJECT_DIR)$(TARGET_OUTPUT_DIR)Resources/" />
				</ExtraCommands>
			</Target>
			<Target title="Release">
				<Option output="Bin/Release/Asteroids" prefix_auto="1" extension_auto="1" />
				<Option working_dir="Bin/Debug" />
				<Option object_output="Temp/Release/" />
				<Option type="1" />
				<Option compiler="gcc" />
				<Compiler>
					<Add option="-O2" />
					<Add directory="./Source" />
					<Add directory="../SFML/include" />
				</Compiler>
				<Linker>
					<Add option="-s" />
					<Add library="../SFML/lib/libsfml-audio.so" />
					<Add library="../SFML/lib/libsfml-graphics.so" />
					<Add library="../SFML/lib/libsfml-network.so" />
					<Add library="../SFML/lib/libsfml-system.so" />
					<Add library="../SFML/lib/libsfml-window.so" />
					<Add directory="../SFML/lib" />
				</Linker>
				<ExtraCommands>
					<Add after="mkdir -p  $(PROJECT_DIR)$(TARGET_OUTPUT_DIR)Resources" />
					<Add after="cp -u $(PROJECT_DIR)Source/Images/*.*  $(PROJECT_DIR)$(TARGET_OUTPUT_DIR)Resources/" />
				</ExtraCommands>
			</Target>
		</Build>
		<Compiler>
			<Add option="-Wall" />
		</Compiler>
		<Unit filename="Source/Engine/Broadcaster.h" />
		<Unit filename="Source/Engine/Colliders.cpp" />
		<Unit filename="Source/Engine/Colliders.h" />
		<Unit filename="Source/Engine/Context.h" />
		<Unit filename="Source/Engine/DllMain.cpp" />
		<Unit filename="Source/Engine/EventIds.h" />
		<Unit filename="Source/Engine/EventMethod.h" />
		<Unit filename="Source/Engine/EventSystem.cpp" />
		<Unit filename="Source/Engine/EventSystem.h" />
		<Unit filename="Source/Engine/Exports.h" />
		<Unit filename="Source/Engine/GameLogic.cpp" />
		<Unit filename="Source/Engine/GameLogic.h" />
		<Unit filename="Source/Engine/InputSystem.cpp" />
		<Unit filename="Source/Engine/InputSystem.h" />
		<Unit filename="Source/Engine/LineShape.cpp" />
		<Unit filename="Source/Engine/LineShape.h" />
		<Unit filename="Source/Engine/MemoryPool.h" />
		<Unit filename="Source/Engine/PhysicsMethod.cpp" />
		<Unit filename="Source/Engine/PhysicsMethod.h" />
		<Unit filename="Source/Engine/PhysicsSystem.cpp" />
		<Unit filename="Source/Engine/PhysicsSystem.h" />
		<Unit filename="Source/Engine/RenderMethod.cpp" />
		<Unit filename="Source/Engine/RenderMethod.h" />
		<Unit filename="Source/Engine/RenderSystem.cpp" />
		<Unit filename="Source/Engine/RenderSystem.h" />
		<Unit filename="Source/Engine/UpdateMethod.cpp" />
		<Unit filename="Source/Engine/UpdateMethod.h" />
		<Unit filename="Source/Engine/UpdateSystem.cpp" />
		<Unit filename="Source/Engine/UpdateSystem.h" />
		<Unit filename="Source/Engine/Vector.h" />
		<Unit filename="Source/Game/AsteroidsLogic.cpp" />
		<Unit filename="Source/Game/AsteroidsLogic.h" />
		<Unit filename="Source/Game/Bullet.cpp" />
		<Unit filename="Source/Game/Bullet.h" />
		<Unit filename="Source/Game/Constants.h" />
		<Unit filename="Source/Game/GameEventIds.h" />
		<Unit filename="Source/Game/InputGameAction.h" />
		<Unit filename="Source/Game/Rock.cpp" />
		<Unit filename="Source/Game/Rock.h" />
		<Unit filename="Source/Game/Ship.cpp" />
		<Unit filename="Source/Game/Ship.h" />
		<Unit filename="Source/Game/main.cpp" />
		<Extensions>
			<code_completion />
			<debugger />
		</Extensions>
	</Project>
</CodeBlocks_project_file>
