
Microsoft Visual Studio Solution File, Format Version 12.00
# Visual Studio 15
VisualStudioVersion = 15.0.27130.2024
MinimumVisualStudioVersion = 10.0.40219.1
Project("{8BC9CEB8-8B4A-11D0-8D11-00A0C91BC942}") = "Asteroids", "Source\Game\Asteroids.vcxproj", "{C491260C-20C4-4180-B623-F4EA5ED6A6EF}"
EndProject
Project("{8BC9CEB8-8B4A-11D0-8D11-00A0C91BC942}") = "Engine", "Source\Engine\Engine.vcxproj", "{ABAF1196-A7FB-4774-81FA-772604A75E98}"
EndProject
Global
	GlobalSection(SolutionConfigurationPlatforms) = preSolution
		Debug|x64 = Debug|x64
		Release|x64 = Release|x64
	EndGlobalSection
	GlobalSection(ProjectConfigurationPlatforms) = postSolution
		{C491260C-20C4-4180-B623-F4EA5ED6A6EF}.Debug|x64.ActiveCfg = Debug|x64
		{C491260C-20C4-4180-B623-F4EA5ED6A6EF}.Debug|x64.Build.0 = Debug|x64
		{C491260C-20C4-4180-B623-F4EA5ED6A6EF}.Release|x64.ActiveCfg = Release|x64
		{C491260C-20C4-4180-B623-F4EA5ED6A6EF}.Release|x64.Build.0 = Release|x64
		{ABAF1196-A7FB-4774-81FA-772604A75E98}.Debug|x64.ActiveCfg = Debug|x64
		{ABAF1196-A7FB-4774-81FA-772604A75E98}.Debug|x64.Build.0 = Debug|x64
		{ABAF1196-A7FB-4774-81FA-772604A75E98}.Release|x64.ActiveCfg = Release|x64
		{ABAF1196-A7FB-4774-81FA-772604A75E98}.Release|x64.Build.0 = Release|x64
	EndGlobalSection
	GlobalSection(SolutionProperties) = preSolution
		HideSolutionNode = FALSE
	EndGlobalSection
	GlobalSection(ExtensibilityGlobals) = postSolution
		SolutionGuid = {72EE86B4-88FE-4B74-9767-D646AAF03602}
	EndGlobalSection
EndGlobal
